
Microsoft Visual Studio Solution File, Format Version 12.00
# Visual Studio Version 16
VisualStudioVersion = 16.0.31729.503
MinimumVisualStudioVersion = 10.0.40219.1
Project("{F184B08F-C81C-45F6-A57F-5ABD9991F28F}") = "Hola_munda", "Hola_munda\Hola_munda.vbproj", "{B78C29D8-58EE-4F98-A58A-721E224C1D87}"
EndProject
Global
	GlobalSection(SolutionConfigurationPlatforms) = preSolution
		Debug|Any CPU = Debug|Any CPU
		Release|Any CPU = Release|Any CPU
	EndGlobalSection
	GlobalSection(ProjectConfigurationPlatforms) = postSolution
		{B78C29D8-58EE-4F98-A58A-721E224C1D87}.Debug|Any CPU.ActiveCfg = Debug|Any CPU
		{B78C29D8-58EE-4F98-A58A-721E224C1D87}.Debug|Any CPU.Build.0 = Debug|Any CPU
		{B78C29D8-58EE-4F98-A58A-721E224C1D87}.Release|Any CPU.ActiveCfg = Release|Any CPU
		{B78C29D8-58EE-4F98-A58A-721E224C1D87}.Release|Any CPU.Build.0 = Release|Any CPU
	EndGlobalSection
	GlobalSection(SolutionProperties) = preSolution
		HideSolutionNode = FALSE
	EndGlobalSection
	GlobalSection(ExtensibilityGlobals) = postSolution
		SolutionGuid = {E38994DC-FC3D-4E2E-B8D5-6DC6B3D725DD}
	EndGlobalSection
EndGlobal
